// !$*UTF8*$!
{
	archiveVersion = 1;
	classes = {
	};
	objectVersion = 50;
	objects = {

/* Begin PBXBuildFile section */
		4D421844263E805C00238AEC /* Solution.swift in Sources */ = {isa = PBXBuildFile; fileRef = 4D421843263E805C00238AEC /* Solution.swift */; };
		4D42184D263E810400238AEC /* NSManagedObjectContext+Save.swift in Sources */ = {isa = PBXBuildFile; fileRef = 4D42184C263E810400238AEC /* NSManagedObjectContext+Save.swift */; };
		4D42185B263E892400238AEC /* Stars.swift in Sources */ = {isa = PBXBuildFile; fileRef = 4D42185A263E892400238AEC /* Stars.swift */; };
		4D421860263E8C8A00238AEC /* Star.swift in Sources */ = {isa = PBXBuildFile; fileRef = 4D42185F263E8C8A00238AEC /* Star.swift */; };
		4D576AAB263D301C00E4D982 /* App.swift in Sources */ = {isa = PBXBuildFile; fileRef = 4D576AAA263D301C00E4D982 /* App.swift */; };
		4D576AAD263D301C00E4D982 /* HomeView.swift in Sources */ = {isa = PBXBuildFile; fileRef = 4D576AAC263D301C00E4D982 /* HomeView.swift */; };
		4D576AAF263D301D00E4D982 /* Assets.xcassets in Resources */ = {isa = PBXBuildFile; fileRef = 4D576AAE263D301D00E4D982 /* Assets.xcassets */; };
		4D576AB2263D301D00E4D982 /* Preview Assets.xcassets in Resources */ = {isa = PBXBuildFile; fileRef = 4D576AB1263D301D00E4D982 /* Preview Assets.xcassets */; };
		4D576AB4263D301D00E4D982 /* Persistence.swift in Sources */ = {isa = PBXBuildFile; fileRef = 4D576AB3263D301D00E4D982 /* Persistence.swift */; };
		4D576AB7263D301D00E4D982 /* graphgame.xcdatamodeld in Sources */ = {isa = PBXBuildFile; fileRef = 4D576AB5263D301D00E4D982 /* graphgame.xcdatamodeld */; };
		4D576AC2263D301D00E4D982 /* Tests.swift in Sources */ = {isa = PBXBuildFile; fileRef = 4D576AC1263D301D00E4D982 /* Tests.swift */; };
		4D576ACD263D301D00E4D982 /* UITests.swift in Sources */ = {isa = PBXBuildFile; fileRef = 4D576ACC263D301D00E4D982 /* UITests.swift */; };
		4DBCA2E2263D3ABB0013B62B /* Level.swift in Sources */ = {isa = PBXBuildFile; fileRef = 4DBCA2E1263D3ABB0013B62B /* Level.swift */; };
		4DBCA2EA263D3B140013B62B /* Levels.swift in Sources */ = {isa = PBXBuildFile; fileRef = 4DBCA2E9263D3B140013B62B /* Levels.swift */; };
		4DBCA2F0263D3B750013B62B /* LevelGrid.swift in Sources */ = {isa = PBXBuildFile; fileRef = 4DBCA2EF263D3B750013B62B /* LevelGrid.swift */; };
		4DBCA301263D3DA20013B62B /* LevelCell.swift in Sources */ = {isa = PBXBuildFile; fileRef = 4DBCA300263D3DA20013B62B /* LevelCell.swift */; };
		4DBCA30F263D41C70013B62B /* LevelView.swift in Sources */ = {isa = PBXBuildFile; fileRef = 4DBCA30E263D41C70013B62B /* LevelView.swift */; };
		4DC6ED29263E415000614EC8 /* TotalStars.swift in Sources */ = {isa = PBXBuildFile; fileRef = 4DC6ED28263E415000614EC8 /* TotalStars.swift */; };
		4DD9C958263F65DD006BE941 /* Graph.swift in Sources */ = {isa = PBXBuildFile; fileRef = 4DD9C957263F65DD006BE941 /* Graph.swift */; };
		4DD9C960263F6A8D006BE941 /* Edge.swift in Sources */ = {isa = PBXBuildFile; fileRef = 4DD9C95F263F6A8D006BE941 /* Edge.swift */; };
		4DD9C966263F6D30006BE941 /* Graph+Builder.swift in Sources */ = {isa = PBXBuildFile; fileRef = 4DD9C965263F6D30006BE941 /* Graph+Builder.swift */; };
		4DD9C973263F6DA9006BE941 /* Node.swift in Sources */ = {isa = PBXBuildFile; fileRef = 4DD9C972263F6DA9006BE941 /* Node.swift */; };
		4DD9C981263F73D9006BE941 /* Graph+Component.swift in Sources */ = {isa = PBXBuildFile; fileRef = 4DD9C980263F73D9006BE941 /* Graph+Component.swift */; };
		4DD9C987263F768C006BE941 /* GraphLayout.swift in Sources */ = {isa = PBXBuildFile; fileRef = 4DD9C986263F768C006BE941 /* GraphLayout.swift */; };
/* End PBXBuildFile section */

/* Begin PBXContainerItemProxy section */
		4D576ABE263D301D00E4D982 /* PBXContainerItemProxy */ = {
			isa = PBXContainerItemProxy;
			containerPortal = 4D576A9F263D301C00E4D982 /* Project object */;
			proxyType = 1;
			remoteGlobalIDString = 4D576AA6263D301C00E4D982;
			remoteInfo = graphgame;
		};
		4D576AC9263D301D00E4D982 /* PBXContainerItemProxy */ = {
			isa = PBXContainerItemProxy;
			containerPortal = 4D576A9F263D301C00E4D982 /* Project object */;
			proxyType = 1;
			remoteGlobalIDString = 4D576AA6263D301C00E4D982;
			remoteInfo = graphgame;
		};
/* End PBXContainerItemProxy section */

/* Begin PBXFileReference section */
		4D421843263E805C00238AEC /* Solution.swift */ = {isa = PBXFileReference; lastKnownFileType = sourcecode.swift; path = Solution.swift; sourceTree = "<group>"; };
		4D42184C263E810400238AEC /* NSManagedObjectContext+Save.swift */ = {isa = PBXFileReference; lastKnownFileType = sourcecode.swift; path = "NSManagedObjectContext+Save.swift"; sourceTree = "<group>"; };
		4D42185A263E892400238AEC /* Stars.swift */ = {isa = PBXFileReference; lastKnownFileType = sourcecode.swift; path = Stars.swift; sourceTree = "<group>"; };
		4D42185F263E8C8A00238AEC /* Star.swift */ = {isa = PBXFileReference; lastKnownFileType = sourcecode.swift; path = Star.swift; sourceTree = "<group>"; };
		4D45CA0B263D31E7005B553C /* .gitignore */ = {isa = PBXFileReference; lastKnownFileType = text; path = .gitignore; sourceTree = "<group>"; };
		4D576AA7263D301C00E4D982 /* graphgame.app */ = {isa = PBXFileReference; explicitFileType = wrapper.application; includeInIndex = 0; path = graphgame.app; sourceTree = BUILT_PRODUCTS_DIR; };
		4D576AAA263D301C00E4D982 /* App.swift */ = {isa = PBXFileReference; lastKnownFileType = sourcecode.swift; path = App.swift; sourceTree = "<group>"; };
		4D576AAC263D301C00E4D982 /* HomeView.swift */ = {isa = PBXFileReference; lastKnownFileType = sourcecode.swift; path = HomeView.swift; sourceTree = "<group>"; };
		4D576AAE263D301D00E4D982 /* Assets.xcassets */ = {isa = PBXFileReference; lastKnownFileType = folder.assetcatalog; path = Assets.xcassets; sourceTree = "<group>"; };
		4D576AB1263D301D00E4D982 /* Preview Assets.xcassets */ = {isa = PBXFileReference; lastKnownFileType = folder.assetcatalog; path = "Preview Assets.xcassets"; sourceTree = "<group>"; };
		4D576AB3263D301D00E4D982 /* Persistence.swift */ = {isa = PBXFileReference; lastKnownFileType = sourcecode.swift; path = Persistence.swift; sourceTree = "<group>"; };
		4D576AB6263D301D00E4D982 /* graphgame.xcdatamodel */ = {isa = PBXFileReference; lastKnownFileType = wrapper.xcdatamodel; path = graphgame.xcdatamodel; sourceTree = "<group>"; };
		4D576AB8263D301D00E4D982 /* Info.plist */ = {isa = PBXFileReference; lastKnownFileType = text.plist.xml; path = Info.plist; sourceTree = "<group>"; };
		4D576ABD263D301D00E4D982 /* graphgameTests.xctest */ = {isa = PBXFileReference; explicitFileType = wrapper.cfbundle; includeInIndex = 0; path = graphgameTests.xctest; sourceTree = BUILT_PRODUCTS_DIR; };
		4D576AC1263D301D00E4D982 /* Tests.swift */ = {isa = PBXFileReference; lastKnownFileType = sourcecode.swift; path = Tests.swift; sourceTree = "<group>"; };
		4D576AC3263D301D00E4D982 /* Info.plist */ = {isa = PBXFileReference; lastKnownFileType = text.plist.xml; path = Info.plist; sourceTree = "<group>"; };
		4D576AC8263D301D00E4D982 /* graphgameUITests.xctest */ = {isa = PBXFileReference; explicitFileType = wrapper.cfbundle; includeInIndex = 0; path = graphgameUITests.xctest; sourceTree = BUILT_PRODUCTS_DIR; };
		4D576ACC263D301D00E4D982 /* UITests.swift */ = {isa = PBXFileReference; lastKnownFileType = sourcecode.swift; path = UITests.swift; sourceTree = "<group>"; };
		4D576ACE263D301D00E4D982 /* Info.plist */ = {isa = PBXFileReference; lastKnownFileType = text.plist.xml; path = Info.plist; sourceTree = "<group>"; };
		4D576AE0263D304000E4D982 /* README.md */ = {isa = PBXFileReference; lastKnownFileType = net.daringfireball.markdown; path = README.md; sourceTree = "<group>"; };
		4DBCA2E1263D3ABB0013B62B /* Level.swift */ = {isa = PBXFileReference; lastKnownFileType = sourcecode.swift; path = Level.swift; sourceTree = "<group>"; };
		4DBCA2E9263D3B140013B62B /* Levels.swift */ = {isa = PBXFileReference; lastKnownFileType = sourcecode.swift; path = Levels.swift; sourceTree = "<group>"; };
		4DBCA2EF263D3B750013B62B /* LevelGrid.swift */ = {isa = PBXFileReference; lastKnownFileType = sourcecode.swift; path = LevelGrid.swift; sourceTree = "<group>"; };
		4DBCA300263D3DA20013B62B /* LevelCell.swift */ = {isa = PBXFileReference; lastKnownFileType = sourcecode.swift; path = LevelCell.swift; sourceTree = "<group>"; };
		4DBCA30E263D41C70013B62B /* LevelView.swift */ = {isa = PBXFileReference; lastKnownFileType = sourcecode.swift; path = LevelView.swift; sourceTree = "<group>"; };
		4DC6ED28263E415000614EC8 /* TotalStars.swift */ = {isa = PBXFileReference; lastKnownFileType = sourcecode.swift; path = TotalStars.swift; sourceTree = "<group>"; };
		4DD9C957263F65DD006BE941 /* Graph.swift */ = {isa = PBXFileReference; lastKnownFileType = sourcecode.swift; path = Graph.swift; sourceTree = "<group>"; };
		4DD9C95F263F6A8D006BE941 /* Edge.swift */ = {isa = PBXFileReference; lastKnownFileType = sourcecode.swift; path = Edge.swift; sourceTree = "<group>"; };
		4DD9C965263F6D30006BE941 /* Graph+Builder.swift */ = {isa = PBXFileReference; lastKnownFileType = sourcecode.swift; path = "Graph+Builder.swift"; sourceTree = "<group>"; };
		4DD9C972263F6DA9006BE941 /* Node.swift */ = {isa = PBXFileReference; lastKnownFileType = sourcecode.swift; path = Node.swift; sourceTree = "<group>"; };
		4DD9C980263F73D9006BE941 /* Graph+Component.swift */ = {isa = PBXFileReference; lastKnownFileType = sourcecode.swift; path = "Graph+Component.swift"; sourceTree = "<group>"; };
		4DD9C986263F768C006BE941 /* GraphLayout.swift */ = {isa = PBXFileReference; lastKnownFileType = sourcecode.swift; path = GraphLayout.swift; sourceTree = "<group>"; };
/* End PBXFileReference section */

/* Begin PBXFrameworksBuildPhase section */
		4D576AA4263D301C00E4D982 /* Frameworks */ = {
			isa = PBXFrameworksBuildPhase;
			buildActionMask = 2147483647;
			files = (
			);
			runOnlyForDeploymentPostprocessing = 0;
		};
		4D576ABA263D301D00E4D982 /* Frameworks */ = {
			isa = PBXFrameworksBuildPhase;
			buildActionMask = 2147483647;
			files = (
			);
			runOnlyForDeploymentPostprocessing = 0;
		};
		4D576AC5263D301D00E4D982 /* Frameworks */ = {
			isa = PBXFrameworksBuildPhase;
			buildActionMask = 2147483647;
			files = (
			);
			runOnlyForDeploymentPostprocessing = 0;
		};
/* End PBXFrameworksBuildPhase section */

/* Begin PBXGroup section */
		4D421842263E804F00238AEC /* Solution */ = {
			isa = PBXGroup;
			children = (
				4D421843263E805C00238AEC /* Solution.swift */,
			);
			path = Solution;
			sourceTree = "<group>";
		};
		4D42184B263E80F300238AEC /* NSManagedObjectContext */ = {
			isa = PBXGroup;
			children = (
				4D42184C263E810400238AEC /* NSManagedObjectContext+Save.swift */,
			);
			path = NSManagedObjectContext;
			sourceTree = "<group>";
		};
		4D576A9E263D301C00E4D982 = {
			isa = PBXGroup;
			children = (
				4D45CA0B263D31E7005B553C /* .gitignore */,
				4D576AE0263D304000E4D982 /* README.md */,
				4D576AA9263D301C00E4D982 /* graphgame */,
				4D576AC0263D301D00E4D982 /* graphgameTests */,
				4D576ACB263D301D00E4D982 /* graphgameUITests */,
				4D576AA8263D301C00E4D982 /* Products */,
			);
			sourceTree = "<group>";
		};
		4D576AA8263D301C00E4D982 /* Products */ = {
			isa = PBXGroup;
			children = (
				4D576AA7263D301C00E4D982 /* graphgame.app */,
				4D576ABD263D301D00E4D982 /* graphgameTests.xctest */,
				4D576AC8263D301D00E4D982 /* graphgameUITests.xctest */,
			);
			name = Products;
			sourceTree = "<group>";
		};
		4D576AA9263D301C00E4D982 /* graphgame */ = {
			isa = PBXGroup;
			children = (
				4D576AAA263D301C00E4D982 /* App.swift */,
				4D576AB3263D301D00E4D982 /* Persistence.swift */,
				4DBCA2DF263D3A960013B62B /* Library */,
				4DBCA2DE263D3A510013B62B /* Components */,
				4DBCA2DD263D3A4B0013B62B /* Views */,
				4D576AB5263D301D00E4D982 /* graphgame.xcdatamodeld */,
				4D576AB8263D301D00E4D982 /* Info.plist */,
				4D576AAE263D301D00E4D982 /* Assets.xcassets */,
				4D576AB0263D301D00E4D982 /* Preview Content */,
			);
			path = graphgame;
			sourceTree = "<group>";
		};
		4D576AB0263D301D00E4D982 /* Preview Content */ = {
			isa = PBXGroup;
			children = (
				4D576AB1263D301D00E4D982 /* Preview Assets.xcassets */,
			);
			path = "Preview Content";
			sourceTree = "<group>";
		};
		4D576AC0263D301D00E4D982 /* graphgameTests */ = {
			isa = PBXGroup;
			children = (
				4D576AC1263D301D00E4D982 /* Tests.swift */,
				4D576AC3263D301D00E4D982 /* Info.plist */,
			);
			path = graphgameTests;
			sourceTree = "<group>";
		};
		4D576ACB263D301D00E4D982 /* graphgameUITests */ = {
			isa = PBXGroup;
			children = (
				4D576ACC263D301D00E4D982 /* UITests.swift */,
				4D576ACE263D301D00E4D982 /* Info.plist */,
			);
			path = graphgameUITests;
			sourceTree = "<group>";
		};
		4DBCA2DD263D3A4B0013B62B /* Views */ = {
			isa = PBXGroup;
			children = (
				4D576AAC263D301C00E4D982 /* HomeView.swift */,
				4DBCA30E263D41C70013B62B /* LevelView.swift */,
			);
			path = Views;
			sourceTree = "<group>";
		};
		4DBCA2DE263D3A510013B62B /* Components */ = {
			isa = PBXGroup;
			children = (
				4DBCA2EE263D3B3E0013B62B /* Level */,
				4DD9C985263F766C006BE941 /* Graph */,
				4DC6ED27263E414000614EC8 /* Star */,
			);
			path = Components;
			sourceTree = "<group>";
		};
		4DBCA2DF263D3A960013B62B /* Library */ = {
			isa = PBXGroup;
			children = (
				4D42184B263E80F300238AEC /* NSManagedObjectContext */,
				4DBCA2E0263D3AB10013B62B /* Level */,
				4D421842263E804F00238AEC /* Solution */,
				4DD9C956263F53DA006BE941 /* Graph */,
			);
			path = Library;
			sourceTree = "<group>";
		};
		4DBCA2E0263D3AB10013B62B /* Level */ = {
			isa = PBXGroup;
			children = (
				4DBCA2E1263D3ABB0013B62B /* Level.swift */,
				4DBCA2E9263D3B140013B62B /* Levels.swift */,
			);
			path = Level;
			sourceTree = "<group>";
		};
		4DBCA2EE263D3B3E0013B62B /* Level */ = {
			isa = PBXGroup;
			children = (
				4DBCA2EF263D3B750013B62B /* LevelGrid.swift */,
				4DBCA300263D3DA20013B62B /* LevelCell.swift */,
			);
			path = Level;
			sourceTree = "<group>";
		};
		4DC6ED27263E414000614EC8 /* Star */ = {
			isa = PBXGroup;
			children = (
				4DC6ED28263E415000614EC8 /* TotalStars.swift */,
				4D42185A263E892400238AEC /* Stars.swift */,
				4D42185F263E8C8A00238AEC /* Star.swift */,
			);
			path = Star;
			sourceTree = "<group>";
		};
		4DD9C956263F53DA006BE941 /* Graph */ = {
			isa = PBXGroup;
			children = (
				4DD9C957263F65DD006BE941 /* Graph.swift */,
				4DD9C980263F73D9006BE941 /* Graph+Component.swift */,
				4DD9C965263F6D30006BE941 /* Graph+Builder.swift */,
				4DD9C971263F6D9F006BE941 /* Node */,
				4DD9C96D263F6D38006BE941 /* Edge */,
			);
			path = Graph;
			sourceTree = "<group>";
		};
		4DD9C96D263F6D38006BE941 /* Edge */ = {
			isa = PBXGroup;
			children = (
				4DD9C95F263F6A8D006BE941 /* Edge.swift */,
			);
			path = Edge;
			sourceTree = "<group>";
		};
		4DD9C971263F6D9F006BE941 /* Node */ = {
			isa = PBXGroup;
			children = (
				4DD9C972263F6DA9006BE941 /* Node.swift */,
			);
			path = Node;
			sourceTree = "<group>";
		};
		4DD9C985263F766C006BE941 /* Graph */ = {
			isa = PBXGroup;
			children = (
				4DD9C986263F768C006BE941 /* GraphLayout.swift */,
			);
			path = Graph;
			sourceTree = "<group>";
		};
/* End PBXGroup section */

/* Begin PBXNativeTarget section */
		4D576AA6263D301C00E4D982 /* graphgame */ = {
			isa = PBXNativeTarget;
			buildConfigurationList = 4D576AD1263D301D00E4D982 /* Build configuration list for PBXNativeTarget "graphgame" */;
			buildPhases = (
				4D576AA3263D301C00E4D982 /* Sources */,
				4D576AA4263D301C00E4D982 /* Frameworks */,
				4D576AA5263D301C00E4D982 /* Resources */,
			);
			buildRules = (
			);
			dependencies = (
			);
			name = graphgame;
			productName = graphgame;
			productReference = 4D576AA7263D301C00E4D982 /* graphgame.app */;
			productType = "com.apple.product-type.application";
		};
		4D576ABC263D301D00E4D982 /* graphgameTests */ = {
			isa = PBXNativeTarget;
			buildConfigurationList = 4D576AD4263D301D00E4D982 /* Build configuration list for PBXNativeTarget "graphgameTests" */;
			buildPhases = (
				4D576AB9263D301D00E4D982 /* Sources */,
				4D576ABA263D301D00E4D982 /* Frameworks */,
				4D576ABB263D301D00E4D982 /* Resources */,
			);
			buildRules = (
			);
			dependencies = (
				4D576ABF263D301D00E4D982 /* PBXTargetDependency */,
			);
			name = graphgameTests;
			productName = graphgameTests;
			productReference = 4D576ABD263D301D00E4D982 /* graphgameTests.xctest */;
			productType = "com.apple.product-type.bundle.unit-test";
		};
		4D576AC7263D301D00E4D982 /* graphgameUITests */ = {
			isa = PBXNativeTarget;
			buildConfigurationList = 4D576AD7263D301D00E4D982 /* Build configuration list for PBXNativeTarget "graphgameUITests" */;
			buildPhases = (
				4D576AC4263D301D00E4D982 /* Sources */,
				4D576AC5263D301D00E4D982 /* Frameworks */,
				4D576AC6263D301D00E4D982 /* Resources */,
			);
			buildRules = (
			);
			dependencies = (
				4D576ACA263D301D00E4D982 /* PBXTargetDependency */,
			);
			name = graphgameUITests;
			productName = graphgameUITests;
			productReference = 4D576AC8263D301D00E4D982 /* graphgameUITests.xctest */;
			productType = "com.apple.product-type.bundle.ui-testing";
		};
/* End PBXNativeTarget section */

/* Begin PBXProject section */
		4D576A9F263D301C00E4D982 /* Project object */ = {
			isa = PBXProject;
			attributes = {
				LastSwiftUpdateCheck = 1240;
				LastUpgradeCheck = 1240;
				TargetAttributes = {
					4D576AA6263D301C00E4D982 = {
						CreatedOnToolsVersion = 12.4;
					};
					4D576ABC263D301D00E4D982 = {
						CreatedOnToolsVersion = 12.4;
						TestTargetID = 4D576AA6263D301C00E4D982;
					};
					4D576AC7263D301D00E4D982 = {
						CreatedOnToolsVersion = 12.4;
						TestTargetID = 4D576AA6263D301C00E4D982;
					};
				};
			};
			buildConfigurationList = 4D576AA2263D301C00E4D982 /* Build configuration list for PBXProject "graphgame" */;
			compatibilityVersion = "Xcode 9.3";
			developmentRegion = en;
			hasScannedForEncodings = 0;
			knownRegions = (
				en,
				Base,
			);
			mainGroup = 4D576A9E263D301C00E4D982;
			productRefGroup = 4D576AA8263D301C00E4D982 /* Products */;
			projectDirPath = "";
			projectRoot = "";
			targets = (
				4D576AA6263D301C00E4D982 /* graphgame */,
				4D576ABC263D301D00E4D982 /* graphgameTests */,
				4D576AC7263D301D00E4D982 /* graphgameUITests */,
			);
		};
/* End PBXProject section */

/* Begin PBXResourcesBuildPhase section */
		4D576AA5263D301C00E4D982 /* Resources */ = {
			isa = PBXResourcesBuildPhase;
			buildActionMask = 2147483647;
			files = (
				4D576AB2263D301D00E4D982 /* Preview Assets.xcassets in Resources */,
				4D576AAF263D301D00E4D982 /* Assets.xcassets in Resources */,
			);
			runOnlyForDeploymentPostprocessing = 0;
		};
		4D576ABB263D301D00E4D982 /* Resources */ = {
			isa = PBXResourcesBuildPhase;
			buildActionMask = 2147483647;
			files = (
			);
			runOnlyForDeploymentPostprocessing = 0;
		};
		4D576AC6263D301D00E4D982 /* Resources */ = {
			isa = PBXResourcesBuildPhase;
			buildActionMask = 2147483647;
			files = (
			);
			runOnlyForDeploymentPostprocessing = 0;
		};
/* End PBXResourcesBuildPhase section */

/* Begin PBXSourcesBuildPhase section */
		4D576AA3263D301C00E4D982 /* Sources */ = {
			isa = PBXSourcesBuildPhase;
			buildActionMask = 2147483647;
			files = (
				4DD9C987263F768C006BE941 /* GraphLayout.swift in Sources */,
				4D42184D263E810400238AEC /* NSManagedObjectContext+Save.swift in Sources */,
				4DBCA2EA263D3B140013B62B /* Levels.swift in Sources */,
				4DBCA2F0263D3B750013B62B /* LevelGrid.swift in Sources */,
				4DD9C973263F6DA9006BE941 /* Node.swift in Sources */,
				4D421860263E8C8A00238AEC /* Star.swift in Sources */,
				4D576AB4263D301D00E4D982 /* Persistence.swift in Sources */,
				4DD9C981263F73D9006BE941 /* Graph+Component.swift in Sources */,
				4D576AAD263D301C00E4D982 /* HomeView.swift in Sources */,
				4D421844263E805C00238AEC /* Solution.swift in Sources */,
				4DBCA30F263D41C70013B62B /* LevelView.swift in Sources */,
				4D576AB7263D301D00E4D982 /* graphgame.xcdatamodeld in Sources */,
				4DD9C958263F65DD006BE941 /* Graph.swift in Sources */,
				4DD9C960263F6A8D006BE941 /* Edge.swift in Sources */,
				4DC6ED29263E415000614EC8 /* TotalStars.swift in Sources */,
				4D42185B263E892400238AEC /* Stars.swift in Sources */,
				4DD9C966263F6D30006BE941 /* Graph+Builder.swift in Sources */,
				4DBCA301263D3DA20013B62B /* LevelCell.swift in Sources */,
				4DBCA2E2263D3ABB0013B62B /* Level.swift in Sources */,
				4D576AAB263D301C00E4D982 /* App.swift in Sources */,
			);
			runOnlyForDeploymentPostprocessing = 0;
		};
		4D576AB9263D301D00E4D982 /* Sources */ = {
			isa = PBXSourcesBuildPhase;
			buildActionMask = 2147483647;
			files = (
				4D576AC2263D301D00E4D982 /* Tests.swift in Sources */,
			);
			runOnlyForDeploymentPostprocessing = 0;
		};
		4D576AC4263D301D00E4D982 /* Sources */ = {
			isa = PBXSourcesBuildPhase;
			buildActionMask = 2147483647;
			files = (
				4D576ACD263D301D00E4D982 /* UITests.swift in Sources */,
			);
			runOnlyForDeploymentPostprocessing = 0;
		};
/* End PBXSourcesBuildPhase section */

/* Begin PBXTargetDependency section */
		4D576ABF263D301D00E4D982 /* PBXTargetDependency */ = {
			isa = PBXTargetDependency;
			target = 4D576AA6263D301C00E4D982 /* graphgame */;
			targetProxy = 4D576ABE263D301D00E4D982 /* PBXContainerItemProxy */;
		};
		4D576ACA263D301D00E4D982 /* PBXTargetDependency */ = {
			isa = PBXTargetDependency;
			target = 4D576AA6263D301C00E4D982 /* graphgame */;
			targetProxy = 4D576AC9263D301D00E4D982 /* PBXContainerItemProxy */;
		};
/* End PBXTargetDependency section */

/* Begin XCBuildConfiguration section */
		4D576ACF263D301D00E4D982 /* Debug */ = {
			isa = XCBuildConfiguration;
			buildSettings = {
				ALWAYS_SEARCH_USER_PATHS = NO;
				CLANG_ANALYZER_NONNULL = YES;
				CLANG_ANALYZER_NUMBER_OBJECT_CONVERSION = YES_AGGRESSIVE;
				CLANG_CXX_LANGUAGE_STANDARD = "gnu++14";
				CLANG_CXX_LIBRARY = "libc++";
				CLANG_ENABLE_MODULES = YES;
				CLANG_ENABLE_OBJC_ARC = YES;
				CLANG_ENABLE_OBJC_WEAK = YES;
				CLANG_WARN_BLOCK_CAPTURE_AUTORELEASING = YES;
				CLANG_WARN_BOOL_CONVERSION = YES;
				CLANG_WARN_COMMA = YES;
				CLANG_WARN_CONSTANT_CONVERSION = YES;
				CLANG_WARN_DEPRECATED_OBJC_IMPLEMENTATIONS = YES;
				CLANG_WARN_DIRECT_OBJC_ISA_USAGE = YES_ERROR;
				CLANG_WARN_DOCUMENTATION_COMMENTS = YES;
				CLANG_WARN_EMPTY_BODY = YES;
				CLANG_WARN_ENUM_CONVERSION = YES;
				CLANG_WARN_INFINITE_RECURSION = YES;
				CLANG_WARN_INT_CONVERSION = YES;
				CLANG_WARN_NON_LITERAL_NULL_CONVERSION = YES;
				CLANG_WARN_OBJC_IMPLICIT_RETAIN_SELF = YES;
				CLANG_WARN_OBJC_LITERAL_CONVERSION = YES;
				CLANG_WARN_OBJC_ROOT_CLASS = YES_ERROR;
				CLANG_WARN_QUOTED_INCLUDE_IN_FRAMEWORK_HEADER = YES;
				CLANG_WARN_RANGE_LOOP_ANALYSIS = YES;
				CLANG_WARN_STRICT_PROTOTYPES = YES;
				CLANG_WARN_SUSPICIOUS_MOVE = YES;
				CLANG_WARN_UNGUARDED_AVAILABILITY = YES_AGGRESSIVE;
				CLANG_WARN_UNREACHABLE_CODE = YES;
				CLANG_WARN__DUPLICATE_METHOD_MATCH = YES;
				COPY_PHASE_STRIP = NO;
				DEBUG_INFORMATION_FORMAT = dwarf;
				ENABLE_STRICT_OBJC_MSGSEND = YES;
				ENABLE_TESTABILITY = YES;
				GCC_C_LANGUAGE_STANDARD = gnu11;
				GCC_DYNAMIC_NO_PIC = NO;
				GCC_NO_COMMON_BLOCKS = YES;
				GCC_OPTIMIZATION_LEVEL = 0;
				GCC_PREPROCESSOR_DEFINITIONS = (
					"DEBUG=1",
					"$(inherited)",
				);
				GCC_WARN_64_TO_32_BIT_CONVERSION = YES;
				GCC_WARN_ABOUT_RETURN_TYPE = YES_ERROR;
				GCC_WARN_UNDECLARED_SELECTOR = YES;
				GCC_WARN_UNINITIALIZED_AUTOS = YES_AGGRESSIVE;
				GCC_WARN_UNUSED_FUNCTION = YES;
				GCC_WARN_UNUSED_VARIABLE = YES;
				IPHONEOS_DEPLOYMENT_TARGET = 14.4;
				MTL_ENABLE_DEBUG_INFO = INCLUDE_SOURCE;
				MTL_FAST_MATH = YES;
				ONLY_ACTIVE_ARCH = YES;
				SDKROOT = iphoneos;
				SWIFT_ACTIVE_COMPILATION_CONDITIONS = DEBUG;
				SWIFT_OPTIMIZATION_LEVEL = "-Onone";
			};
			name = Debug;
		};
		4D576AD0263D301D00E4D982 /* Release */ = {
			isa = XCBuildConfiguration;
			buildSettings = {
				ALWAYS_SEARCH_USER_PATHS = NO;
				CLANG_ANALYZER_NONNULL = YES;
				CLANG_ANALYZER_NUMBER_OBJECT_CONVERSION = YES_AGGRESSIVE;
				CLANG_CXX_LANGUAGE_STANDARD = "gnu++14";
				CLANG_CXX_LIBRARY = "libc++";
				CLANG_ENABLE_MODULES = YES;
				CLANG_ENABLE_OBJC_ARC = YES;
				CLANG_ENABLE_OBJC_WEAK = YES;
				CLANG_WARN_BLOCK_CAPTURE_AUTORELEASING = YES;
				CLANG_WARN_BOOL_CONVERSION = YES;
				CLANG_WARN_COMMA = YES;
				CLANG_WARN_CONSTANT_CONVERSION = YES;
				CLANG_WARN_DEPRECATED_OBJC_IMPLEMENTATIONS = YES;
				CLANG_WARN_DIRECT_OBJC_ISA_USAGE = YES_ERROR;
				CLANG_WARN_DOCUMENTATION_COMMENTS = YES;
				CLANG_WARN_EMPTY_BODY = YES;
				CLANG_WARN_ENUM_CONVERSION = YES;
				CLANG_WARN_INFINITE_RECURSION = YES;
				CLANG_WARN_INT_CONVERSION = YES;
				CLANG_WARN_NON_LITERAL_NULL_CONVERSION = YES;
				CLANG_WARN_OBJC_IMPLICIT_RETAIN_SELF = YES;
				CLANG_WARN_OBJC_LITERAL_CONVERSION = YES;
				CLANG_WARN_OBJC_ROOT_CLASS = YES_ERROR;
				CLANG_WARN_QUOTED_INCLUDE_IN_FRAMEWORK_HEADER = YES;
				CLANG_WARN_RANGE_LOOP_ANALYSIS = YES;
				CLANG_WARN_STRICT_PROTOTYPES = YES;
				CLANG_WARN_SUSPICIOUS_MOVE = YES;
				CLANG_WARN_UNGUARDED_AVAILABILITY = YES_AGGRESSIVE;
				CLANG_WARN_UNREACHABLE_CODE = YES;
				CLANG_WARN__DUPLICATE_METHOD_MATCH = YES;
				COPY_PHASE_STRIP = NO;
				DEBUG_INFORMATION_FORMAT = "dwarf-with-dsym";
				ENABLE_NS_ASSERTIONS = NO;
				ENABLE_STRICT_OBJC_MSGSEND = YES;
				GCC_C_LANGUAGE_STANDARD = gnu11;
				GCC_NO_COMMON_BLOCKS = YES;
				GCC_WARN_64_TO_32_BIT_CONVERSION = YES;
				GCC_WARN_ABOUT_RETURN_TYPE = YES_ERROR;
				GCC_WARN_UNDECLARED_SELECTOR = YES;
				GCC_WARN_UNINITIALIZED_AUTOS = YES_AGGRESSIVE;
				GCC_WARN_UNUSED_FUNCTION = YES;
				GCC_WARN_UNUSED_VARIABLE = YES;
				IPHONEOS_DEPLOYMENT_TARGET = 14.4;
				MTL_ENABLE_DEBUG_INFO = NO;
				MTL_FAST_MATH = YES;
				SDKROOT = iphoneos;
				SWIFT_COMPILATION_MODE = wholemodule;
				SWIFT_OPTIMIZATION_LEVEL = "-O";
				VALIDATE_PRODUCT = YES;
			};
			name = Release;
		};
		4D576AD2263D301D00E4D982 /* Debug */ = {
			isa = XCBuildConfiguration;
			buildSettings = {
				ASSETCATALOG_COMPILER_APPICON_NAME = AppIcon;
				ASSETCATALOG_COMPILER_GLOBAL_ACCENT_COLOR_NAME = AccentColor;
				CODE_SIGN_STYLE = Automatic;
				DEVELOPMENT_ASSET_PATHS = "\"graphgame/Preview Content\"";
				DEVELOPMENT_TEAM = JUP7FZ7QC3;
				ENABLE_PREVIEWS = YES;
				INFOPLIST_FILE = graphgame/Info.plist;
				IPHONEOS_DEPLOYMENT_TARGET = 14.0;
				LD_RUNPATH_SEARCH_PATHS = (
					"$(inherited)",
					"@executable_path/Frameworks",
				);
				PRODUCT_BUNDLE_IDENTIFIER = game.graph.graphgame;
				PRODUCT_NAME = "$(TARGET_NAME)";
				SWIFT_VERSION = 5.0;
				TARGETED_DEVICE_FAMILY = "1,2";
			};
			name = Debug;
		};
		4D576AD3263D301D00E4D982 /* Release */ = {
			isa = XCBuildConfiguration;
			buildSettings = {
				ASSETCATALOG_COMPILER_APPICON_NAME = AppIcon;
				ASSETCATALOG_COMPILER_GLOBAL_ACCENT_COLOR_NAME = AccentColor;
				CODE_SIGN_STYLE = Automatic;
				DEVELOPMENT_ASSET_PATHS = "\"graphgame/Preview Content\"";
				DEVELOPMENT_TEAM = JUP7FZ7QC3;
				ENABLE_PREVIEWS = YES;
				INFOPLIST_FILE = graphgame/Info.plist;
				IPHONEOS_DEPLOYMENT_TARGET = 14.0;
				LD_RUNPATH_SEARCH_PATHS = (
					"$(inherited)",
					"@executable_path/Frameworks",
				);
				PRODUCT_BUNDLE_IDENTIFIER = game.graph.graphgame;
				PRODUCT_NAME = "$(TARGET_NAME)";
				SWIFT_VERSION = 5.0;
				TARGETED_DEVICE_FAMILY = "1,2";
			};
			name = Release;
		};
		4D576AD5263D301D00E4D982 /* Debug */ = {
			isa = XCBuildConfiguration;
			buildSettings = {
				ALWAYS_EMBED_SWIFT_STANDARD_LIBRARIES = YES;
				BUNDLE_LOADER = "$(TEST_HOST)";
				CODE_SIGN_STYLE = Automatic;
				DEVELOPMENT_TEAM = JUP7FZ7QC3;
				INFOPLIST_FILE = graphgameTests/Info.plist;
				IPHONEOS_DEPLOYMENT_TARGET = 14.0;
				LD_RUNPATH_SEARCH_PATHS = (
					"$(inherited)",
					"@executable_path/Frameworks",
					"@loader_path/Frameworks",
				);
				PRODUCT_BUNDLE_IDENTIFIER = game.graph.graphgameTests;
				PRODUCT_NAME = "$(TARGET_NAME)";
				SWIFT_VERSION = 5.0;
				TARGETED_DEVICE_FAMILY = "1,2";
				TEST_HOST = "$(BUILT_PRODUCTS_DIR)/graphgame.app/graphgame";
			};
			name = Debug;
		};
		4D576AD6263D301D00E4D982 /* Release */ = {
			isa = XCBuildConfiguration;
			buildSettings = {
				ALWAYS_EMBED_SWIFT_STANDARD_LIBRARIES = YES;
				BUNDLE_LOADER = "$(TEST_HOST)";
				CODE_SIGN_STYLE = Automatic;
				DEVELOPMENT_TEAM = JUP7FZ7QC3;
				INFOPLIST_FILE = graphgameTests/Info.plist;
				IPHONEOS_DEPLOYMENT_TARGET = 14.0;
				LD_RUNPATH_SEARCH_PATHS = (
					"$(inherited)",
					"@executable_path/Frameworks",
					"@loader_path/Frameworks",
				);
				PRODUCT_BUNDLE_IDENTIFIER = game.graph.graphgameTests;
				PRODUCT_NAME = "$(TARGET_NAME)";
				SWIFT_VERSION = 5.0;
				TARGETED_DEVICE_FAMILY = "1,2";
				TEST_HOST = "$(BUILT_PRODUCTS_DIR)/graphgame.app/graphgame";
			};
			name = Release;
		};
		4D576AD8263D301D00E4D982 /* Debug */ = {
			isa = XCBuildConfiguration;
			buildSettings = {
				ALWAYS_EMBED_SWIFT_STANDARD_LIBRARIES = YES;
				CODE_SIGN_STYLE = Automatic;
				DEVELOPMENT_TEAM = JUP7FZ7QC3;
				INFOPLIST_FILE = graphgameUITests/Info.plist;
				LD_RUNPATH_SEARCH_PATHS = (
					"$(inherited)",
					"@executable_path/Frameworks",
					"@loader_path/Frameworks",
				);
				PRODUCT_BUNDLE_IDENTIFIER = game.graph.graphgameUITests;
				PRODUCT_NAME = "$(TARGET_NAME)";
				SWIFT_VERSION = 5.0;
				TARGETED_DEVICE_FAMILY = "1,2";
				TEST_TARGET_NAME = graphgame;
			};
			name = Debug;
		};
		4D576AD9263D301D00E4D982 /* Release */ = {
			isa = XCBuildConfiguration;
			buildSettings = {
				ALWAYS_EMBED_SWIFT_STANDARD_LIBRARIES = YES;
				CODE_SIGN_STYLE = Automatic;
				DEVELOPMENT_TEAM = JUP7FZ7QC3;
				INFOPLIST_FILE = graphgameUITests/Info.plist;
				LD_RUNPATH_SEARCH_PATHS = (
					"$(inherited)",
					"@executable_path/Frameworks",
					"@loader_path/Frameworks",
				);
				PRODUCT_BUNDLE_IDENTIFIER = game.graph.graphgameUITests;
				PRODUCT_NAME = "$(TARGET_NAME)";
				SWIFT_VERSION = 5.0;
				TARGETED_DEVICE_FAMILY = "1,2";
				TEST_TARGET_NAME = graphgame;
			};
			name = Release;
		};
/* End XCBuildConfiguration section */

/* Begin XCConfigurationList section */
		4D576AA2263D301C00E4D982 /* Build configuration list for PBXProject "graphgame" */ = {
			isa = XCConfigurationList;
			buildConfigurations = (
				4D576ACF263D301D00E4D982 /* Debug */,
				4D576AD0263D301D00E4D982 /* Release */,
			);
			defaultConfigurationIsVisible = 0;
			defaultConfigurationName = Release;
		};
		4D576AD1263D301D00E4D982 /* Build configuration list for PBXNativeTarget "graphgame" */ = {
			isa = XCConfigurationList;
			buildConfigurations = (
				4D576AD2263D301D00E4D982 /* Debug */,
				4D576AD3263D301D00E4D982 /* Release */,
			);
			defaultConfigurationIsVisible = 0;
			defaultConfigurationName = Release;
		};
		4D576AD4263D301D00E4D982 /* Build configuration list for PBXNativeTarget "graphgameTests" */ = {
			isa = XCConfigurationList;
			buildConfigurations = (
				4D576AD5263D301D00E4D982 /* Debug */,
				4D576AD6263D301D00E4D982 /* Release */,
			);
			defaultConfigurationIsVisible = 0;
			defaultConfigurationName = Release;
		};
		4D576AD7263D301D00E4D982 /* Build configuration list for PBXNativeTarget "graphgameUITests" */ = {
			isa = XCConfigurationList;
			buildConfigurations = (
				4D576AD8263D301D00E4D982 /* Debug */,
				4D576AD9263D301D00E4D982 /* Release */,
			);
			defaultConfigurationIsVisible = 0;
			defaultConfigurationName = Release;
		};
/* End XCConfigurationList section */

/* Begin XCVersionGroup section */
		4D576AB5263D301D00E4D982 /* graphgame.xcdatamodeld */ = {
			isa = XCVersionGroup;
			children = (
				4D576AB6263D301D00E4D982 /* graphgame.xcdatamodel */,
			);
			currentVersion = 4D576AB6263D301D00E4D982 /* graphgame.xcdatamodel */;
			path = graphgame.xcdatamodeld;
			sourceTree = "<group>";
			versionGroupType = wrapper.xcdatamodel;
		};
/* End XCVersionGroup section */
	};
	rootObject = 4D576A9F263D301C00E4D982 /* Project object */;
}
